
Microsoft Visual Studio Solution File, Format Version 12.00
# Visual Studio Version 17
VisualStudioVersion = 17.6.33723.286
MinimumVisualStudioVersion = 10.0.40219.1
Project("{FAE04EC0-301F-11D3-BF4B-00C04F79EFBC}") = "NotasClasse", "NotasClasse\NotasClasse.csproj", "{AA3775EF-B9E6-45F5-A095-8B1A5A3D557A}"
EndProject
Global
	GlobalSection(SolutionConfigurationPlatforms) = preSolution
		Debug|Any CPU = Debug|Any CPU
		Release|Any CPU = Release|Any CPU
	EndGlobalSection
	GlobalSection(ProjectConfigurationPlatforms) = postSolution
		{AA3775EF-B9E6-45F5-A095-8B1A5A3D557A}.Debug|Any CPU.ActiveCfg = Debug|Any CPU
		{AA3775EF-B9E6-45F5-A095-8B1A5A3D557A}.Debug|Any CPU.Build.0 = Debug|Any CPU
		{AA3775EF-B9E6-45F5-A095-8B1A5A3D557A}.Release|Any CPU.ActiveCfg = Release|Any CPU
		{AA3775EF-B9E6-45F5-A095-8B1A5A3D557A}.Release|Any CPU.Build.0 = Release|Any CPU
	EndGlobalSection
	GlobalSection(SolutionProperties) = preSolution
		HideSolutionNode = FALSE
	EndGlobalSection
	GlobalSection(ExtensibilityGlobals) = postSolution
		SolutionGuid = {2897117D-9E29-4054-8CB2-5DE3B67DDBF8}
	EndGlobalSection
EndGlobal
